<?xml version="1.0" encoding="utf-8"?>
<Project ToolsVersion="4.0" xmlns="http://schemas.microsoft.com/developer/msbuild/2003">
  <ItemGroup>
    <Filter Include="소스 파일">
      <UniqueIdentifier>{4FC737F1-C7A5-4376-A066-2A32D752A2FF}</UniqueIdentifier>
      <Extensions>cpp;c;cc;cxx;c++;cppm;ixx;def;odl;idl;hpj;bat;asm;asmx</Extensions>
    </Filter>
    <Filter Include="헤더 파일">
      <UniqueIdentifier>{93995380-89BD-4b04-88EB-625FBE52EBFB}</UniqueIdentifier>
      <Extensions>h;hh;hpp;hxx;h++;hm;inl;inc;ipp;xsd</Extensions>
    </Filter>
    <Filter Include="리소스 파일">
      <UniqueIdentifier>{67DA6AB6-F800-4c08-8B7A-83BB121AAD01}</UniqueIdentifier>
      <Extensions>rc;ico;cur;bmp;dlg;rc2;rct;bin;rgs;gif;jpg;jpeg;jpe;resx;tiff;tif;png;wav;mfcribbon-ms</Extensions>
    </Filter>
    <Filter Include="01. SceneMode">
      <UniqueIdentifier>{5cefd645-f054-427b-a1a4-298aac713730}</UniqueIdentifier>
    </Filter>
    <Filter Include="02. Object">
      <UniqueIdentifier>{1e83c73d-71f6-4ee9-bc36-051fb0d4b261}</UniqueIdentifier>
    </Filter>
    <Filter Include="02. Object\01. Player">
      <UniqueIdentifier>{3740e46c-9a4c-4f06-9a61-fd659179b7c4}</UniqueIdentifier>
    </Filter>
    <Filter Include="02. Object\02. Bullet">
      <UniqueIdentifier>{67b1d5f3-f66d-45f6-90fe-5978614d6fb1}</UniqueIdentifier>
    </Filter>
    <Filter Include="02. Object\03. Monster">
      <UniqueIdentifier>{e49ad913-a9af-4412-9316-221f17d46ef8}</UniqueIdentifier>
    </Filter>
    <Filter Include="02. Object\04. Test">
      <UniqueIdentifier>{39f62ae9-7255-4237-98ae-5741380db996}</UniqueIdentifier>
    </Filter>
    <Filter Include="03. UI">
      <UniqueIdentifier>{2e7a5329-c64c-46fc-b4a2-d4ac06d111f1}</UniqueIdentifier>
    </Filter>
    <Filter Include="03. UI\01. Mouse">
      <UniqueIdentifier>{3dd700d4-ab96-46ab-a64b-288ae5257c56}</UniqueIdentifier>
    </Filter>
    <Filter Include="02. Object\05. Particle">
      <UniqueIdentifier>{27c24902-7557-4f94-9ecc-bdb01d9d65de}</UniqueIdentifier>
    </Filter>
    <Filter Include="02. Object\06. TileMap">
      <UniqueIdentifier>{d0af0664-a454-4683-8a7a-776d1064825b}</UniqueIdentifier>
    </Filter>
    <Filter Include="02. Object\03. Monster\01. Normal">
      <UniqueIdentifier>{39b0d679-d798-4c8a-acd6-744bd6791439}</UniqueIdentifier>
    </Filter>
    <Filter Include="02. Object\03. Monster\02. Ability">
      <UniqueIdentifier>{b6880ed0-8190-4ea3-8f49-48b08927433f}</UniqueIdentifier>
    </Filter>
    <Filter Include="02. Object\07. Effect">
      <UniqueIdentifier>{a5a5dbfa-bb5e-4eb8-ab59-3529402a9192}</UniqueIdentifier>
    </Filter>
    <Filter Include="02. Object\08. BackGround">
      <UniqueIdentifier>{f3dc3208-3b18-49b7-816f-f42e69b00458}</UniqueIdentifier>
    </Filter>
    <Filter Include="02. Object\01. Player\01. State">
      <UniqueIdentifier>{74c1292c-6f33-4df5-938a-5ec5d29a6673}</UniqueIdentifier>
    </Filter>
    <Filter Include="02. Object\09. Line">
      <UniqueIdentifier>{8c9146dc-b37f-46e0-87aa-abe304173656}</UniqueIdentifier>
    </Filter>
    <Filter Include="02. Object\07. Effect\01. SceneChange">
      <UniqueIdentifier>{1969b4e5-cb3e-463c-9d8a-cc2f390fcb3b}</UniqueIdentifier>
    </Filter>
    <Filter Include="02. Object\07. Effect\02. PlayerEffect">
      <UniqueIdentifier>{cba2cb7b-d67e-4ca4-be2f-5f801ff3b2e2}</UniqueIdentifier>
    </Filter>
    <Filter Include="02. Object\07. Effect\03. DecorateEffect">
      <UniqueIdentifier>{598ccc4f-82ee-4fde-9a3a-22160c0dd1ae}</UniqueIdentifier>
    </Filter>
    <Filter Include="02. Object\07. Effect\04. MonsterAttack">
      <UniqueIdentifier>{648a2537-61c3-4e20-ae53-c300829a6f11}</UniqueIdentifier>
    </Filter>
    <Filter Include="02. Object\07. Effect\05. SpecialPlayer">
      <UniqueIdentifier>{3d91dd58-f160-4c4d-9040-72e7b6470910}</UniqueIdentifier>
    </Filter>
    <Filter Include="02. Object\10. Item">
      <UniqueIdentifier>{db6918bc-6df6-4d6c-a733-cb5b07c574b2}</UniqueIdentifier>
    </Filter>
  </ItemGroup>
  <ItemGroup>
    <ClCompile Include="main.cpp">
      <Filter>소스 파일</Filter>
    </ClCompile>
    <ClCompile Include="Scene\MainScene.cpp">
      <Filter>01. SceneMode</Filter>
    </ClCompile>
    <ClCompile Include="Object\Player2D.cpp">
      <Filter>02. Object\01. Player</Filter>
    </ClCompile>
    <ClCompile Include="Object\Bullet.cpp">
      <Filter>02. Object\02. Bullet</Filter>
    </ClCompile>
    <ClCompile Include="Object\BulletTornaido.cpp">
      <Filter>02. Object\02. Bullet</Filter>
    </ClCompile>
    <ClCompile Include="ClientManager.cpp">
      <Filter>소스 파일</Filter>
    </ClCompile>
    <ClCompile Include="Object\PlayerAnimation2D.cpp">
      <Filter>02. Object\01. Player</Filter>
    </ClCompile>
    <ClCompile Include="Object\Monster.cpp">
      <Filter>02. Object\03. Monster</Filter>
    </ClCompile>
    <ClCompile Include="Object\MonsterAnimation.cpp">
      <Filter>02. Object\03. Monster</Filter>
    </ClCompile>
    <ClCompile Include="Object\BulletCamera.cpp">
      <Filter>02. Object\02. Bullet</Filter>
    </ClCompile>
    <ClCompile Include="Object\PixelTest.cpp">
      <Filter>02. Object\04. Test</Filter>
    </ClCompile>
    <ClCompile Include="UI\MainWidget.cpp">
      <Filter>03. UI</Filter>
    </ClCompile>
    <ClCompile Include="UI\SimpleHUD.cpp">
      <Filter>03. UI</Filter>
    </ClCompile>
    <ClCompile Include="UI\MouseNormal.cpp">
      <Filter>03. UI\01. Mouse</Filter>
    </ClCompile>
    <ClCompile Include="UI\MouseAttack.cpp">
      <Filter>03. UI\01. Mouse</Filter>
    </ClCompile>
    <ClCompile Include="Scene\StartScene.cpp">
      <Filter>01. SceneMode</Filter>
    </ClCompile>
    <ClCompile Include="Scene\LoadingScene.cpp">
      <Filter>01. SceneMode</Filter>
    </ClCompile>
    <ClCompile Include="UI\LoadingWidget.cpp">
      <Filter>03. UI</Filter>
    </ClCompile>
    <ClCompile Include="UI\StartWidget.cpp">
      <Filter>03. UI</Filter>
    </ClCompile>
    <ClCompile Include="Scene\LoadingThread.cpp">
      <Filter>01. SceneMode</Filter>
    </ClCompile>
    <ClCompile Include="Object\BubbleParticle.cpp">
      <Filter>02. Object\05. Particle</Filter>
    </ClCompile>
    <ClCompile Include="Object\TileMap.cpp">
      <Filter>02. Object\06. TileMap</Filter>
    </ClCompile>
    <ClCompile Include="Object\NormalMonster.cpp">
      <Filter>02. Object\03. Monster\01. Normal</Filter>
    </ClCompile>
    <ClCompile Include="Object\YellowBird.cpp">
      <Filter>02. Object\03. Monster\01. Normal</Filter>
    </ClCompile>
    <ClCompile Include="Object\AbilityMonster.cpp">
      <Filter>02. Object\03. Monster\02. Ability</Filter>
    </ClCompile>
    <ClCompile Include="Object\BeamMonster.cpp">
      <Filter>02. Object\03. Monster\02. Ability</Filter>
    </ClCompile>
    <ClCompile Include="Object\PurpleBeatle.cpp">
      <Filter>02. Object\03. Monster\01. Normal</Filter>
    </ClCompile>
    <ClCompile Include="Object\MushRoom.cpp">
      <Filter>02. Object\03. Monster\01. Normal</Filter>
    </ClCompile>
    <ClCompile Include="Object\NormalBear.cpp">
      <Filter>02. Object\03. Monster\01. Normal</Filter>
    </ClCompile>
    <ClCompile Include="Object\TileMapEmpty.cpp">
      <Filter>02. Object\06. TileMap</Filter>
    </ClCompile>
    <ClCompile Include="Object\BackGround.cpp">
      <Filter>02. Object\08. BackGround</Filter>
    </ClCompile>
    <ClCompile Include="Component\NormalKirbyState.cpp">
      <Filter>02. Object\01. Player\01. State</Filter>
    </ClCompile>
    <ClCompile Include="Component\FightKirbyState.cpp">
      <Filter>02. Object\01. Player\01. State</Filter>
    </ClCompile>
    <ClCompile Include="Component\KirbyState.cpp">
      <Filter>02. Object\01. Player\01. State</Filter>
    </ClCompile>
    <ClCompile Include="Object\PlayerOld.cpp">
      <Filter>02. Object\01. Player</Filter>
    </ClCompile>
    <ClCompile Include="Component\BeamKirbyState.cpp">
      <Filter>02. Object\01. Player\01. State</Filter>
    </ClCompile>
    <ClCompile Include="Object\LineContainer.cpp">
      <Filter>02. Object\09. Line</Filter>
    </ClCompile>
    <ClCompile Include="Object\SpecialChangeParticle.cpp">
      <Filter>02. Object\05. Particle</Filter>
    </ClCompile>
    <ClCompile Include="Object\EffectSceneChangeStar.cpp">
      <Filter>02. Object\07. Effect</Filter>
    </ClCompile>
    <ClCompile Include="Scene\Green2Scene.cpp">
      <Filter>01. SceneMode</Filter>
    </ClCompile>
    <ClCompile Include="Object\EffectChangeToGreen1.cpp">
      <Filter>02. Object\07. Effect\01. SceneChange</Filter>
    </ClCompile>
    <ClCompile Include="Object\EffectChangeToGreen2.cpp">
      <Filter>02. Object\07. Effect\01. SceneChange</Filter>
    </ClCompile>
    <ClCompile Include="Object\EffectDash.cpp">
      <Filter>02. Object\07. Effect\02. PlayerEffect</Filter>
    </ClCompile>
    <ClCompile Include="Object\EffectKirbyRide.cpp">
      <Filter>02. Object\07. Effect\02. PlayerEffect</Filter>
    </ClCompile>
    <ClCompile Include="Object\EffectRandomStar.cpp">
      <Filter>02. Object\07. Effect\02. PlayerEffect</Filter>
    </ClCompile>
    <ClCompile Include="Object\EffectSpitOut.cpp">
      <Filter>02. Object\07. Effect\02. PlayerEffect</Filter>
    </ClCompile>
    <ClCompile Include="Scene\BeginningScene.cpp">
      <Filter>01. SceneMode</Filter>
    </ClCompile>
    <ClCompile Include="Scene\Green3Scene.cpp">
      <Filter>01. SceneMode</Filter>
    </ClCompile>
    <ClCompile Include="Object\MoonAboveParticle.cpp">
      <Filter>02. Object\05. Particle</Filter>
    </ClCompile>
    <ClCompile Include="Object\EffectStar.cpp">
      <Filter>02. Object\07. Effect\03. DecorateEffect</Filter>
    </ClCompile>
    <ClCompile Include="Object\BeamMonsterAttack.cpp">
      <Filter>02. Object\07. Effect\04. MonsterAttack</Filter>
    </ClCompile>
    <ClCompile Include="Object\FireMonster.cpp">
      <Filter>02. Object\03. Monster\02. Ability</Filter>
    </ClCompile>
    <ClCompile Include="Object\FireMonsterAttack.cpp">
      <Filter>02. Object\07. Effect\04. MonsterAttack</Filter>
    </ClCompile>
    <ClCompile Include="Object\FightMonsterAttack.cpp">
      <Filter>02. Object\07. Effect\04. MonsterAttack</Filter>
    </ClCompile>
    <ClCompile Include="Object\FightMonster.cpp">
      <Filter>02. Object\03. Monster\02. Ability</Filter>
    </ClCompile>
    <ClCompile Include="Component\FireKirbyState.cpp">
      <Filter>02. Object\01. Player\01. State</Filter>
    </ClCompile>
    <ClCompile Include="Object\KirbyAttackEffect.cpp">
      <Filter>02. Object\07. Effect\05. SpecialPlayer</Filter>
    </ClCompile>
    <ClCompile Include="Object\AttackEffect.cpp">
      <Filter>02. Object\07. Effect</Filter>
    </ClCompile>
    <ClCompile Include="Object\FireAttackBackEffect.cpp">
      <Filter>02. Object\07. Effect\05. SpecialPlayer</Filter>
    </ClCompile>
    <ClCompile Include="Object\Item.cpp">
      <Filter>02. Object\10. Item</Filter>
    </ClCompile>
    <ClCompile Include="Object\HPYellowItem.cpp">
      <Filter>02. Object\10. Item</Filter>
    </ClCompile>
    <ClCompile Include="Object\HPRedItem.cpp">
      <Filter>02. Object\10. Item</Filter>
    </ClCompile>
    <ClCompile Include="Object\HPGreenItem.cpp">
      <Filter>02. Object\10. Item</Filter>
    </ClCompile>
    <ClCompile Include="Object\Block.cpp">
      <Filter>02. Object\10. Item</Filter>
    </ClCompile>
  </ItemGroup>
  <ItemGroup>
    <ClInclude Include="resource.h">
      <Filter>헤더 파일</Filter>
    </ClInclude>
    <ClInclude Include="Scene\MainScene.h">
      <Filter>01. SceneMode</Filter>
    </ClInclude>
    <ClInclude Include="Object\Player2D.h">
      <Filter>02. Object\01. Player</Filter>
    </ClInclude>
    <ClInclude Include="Object\Bullet.h">
      <Filter>02. Object\02. Bullet</Filter>
    </ClInclude>
    <ClInclude Include="Object\BulletTornaido.h">
      <Filter>02. Object\02. Bullet</Filter>
    </ClInclude>
    <ClInclude Include="ClientManager.h">
      <Filter>헤더 파일</Filter>
    </ClInclude>
    <ClInclude Include="Object\PlayerAnimation2D.h">
      <Filter>02. Object\01. Player</Filter>
    </ClInclude>
    <ClInclude Include="Object\Monster.h">
      <Filter>02. Object\03. Monster</Filter>
    </ClInclude>
    <ClInclude Include="Object\MonsterAnimation.h">
      <Filter>02. Object\03. Monster</Filter>
    </ClInclude>
    <ClInclude Include="Object\BulletCamera.h">
      <Filter>02. Object\02. Bullet</Filter>
    </ClInclude>
    <ClInclude Include="Object\PixelTest.h">
      <Filter>02. Object\04. Test</Filter>
    </ClInclude>
    <ClInclude Include="UI\MainWidget.h">
      <Filter>03. UI</Filter>
    </ClInclude>
    <ClInclude Include="UI\SimpleHUD.h">
      <Filter>03. UI</Filter>
    </ClInclude>
    <ClInclude Include="UI\MouseNormal.h">
      <Filter>03. UI\01. Mouse</Filter>
    </ClInclude>
    <ClInclude Include="UI\MouseAttack.h">
      <Filter>03. UI\01. Mouse</Filter>
    </ClInclude>
    <ClInclude Include="Scene\StartScene.h">
      <Filter>01. SceneMode</Filter>
    </ClInclude>
    <ClInclude Include="Scene\LoadingScene.h">
      <Filter>01. SceneMode</Filter>
    </ClInclude>
    <ClInclude Include="UI\LoadingWidget.h">
      <Filter>03. UI</Filter>
    </ClInclude>
    <ClInclude Include="UI\StartWidget.h">
      <Filter>03. UI</Filter>
    </ClInclude>
    <ClInclude Include="Client.h">
      <Filter>헤더 파일</Filter>
    </ClInclude>
    <ClInclude Include="Scene\LoadingThread.h">
      <Filter>01. SceneMode</Filter>
    </ClInclude>
    <ClInclude Include="Object\BubbleParticle.h">
      <Filter>02. Object\05. Particle</Filter>
    </ClInclude>
    <ClInclude Include="Object\TileMap.h">
      <Filter>02. Object\06. TileMap</Filter>
    </ClInclude>
    <ClInclude Include="Object\NormalMonster.h">
      <Filter>02. Object\03. Monster\01. Normal</Filter>
    </ClInclude>
    <ClInclude Include="Object\YellowBird.h">
      <Filter>02. Object\03. Monster\01. Normal</Filter>
    </ClInclude>
    <ClInclude Include="Object\AbilityMonster.h">
      <Filter>02. Object\03. Monster\02. Ability</Filter>
    </ClInclude>
    <ClInclude Include="Object\BeamMonster.h">
      <Filter>02. Object\03. Monster\02. Ability</Filter>
    </ClInclude>
    <ClInclude Include="Object\PurpleBeatle.h">
      <Filter>02. Object\03. Monster\01. Normal</Filter>
    </ClInclude>
    <ClInclude Include="Object\MushRoom.h">
      <Filter>02. Object\03. Monster\01. Normal</Filter>
    </ClInclude>
    <ClInclude Include="Object\NormalBear.h">
      <Filter>02. Object\03. Monster\01. Normal</Filter>
    </ClInclude>
    <ClInclude Include="Object\TileMapEmpty.h">
      <Filter>02. Object\06. TileMap</Filter>
    </ClInclude>
    <ClInclude Include="Object\BackGround.h">
      <Filter>02. Object\08. BackGround</Filter>
    </ClInclude>
    <ClInclude Include="Component\KirbyState.h">
      <Filter>02. Object\01. Player\01. State</Filter>
    </ClInclude>
    <ClInclude Include="Component\FightKirbyState.h">
      <Filter>02. Object\01. Player\01. State</Filter>
    </ClInclude>
    <ClInclude Include="Component\NormalKirbyState.h">
      <Filter>02. Object\01. Player\01. State</Filter>
    </ClInclude>
    <ClInclude Include="Object\PlayerOld.h">
      <Filter>02. Object\01. Player</Filter>
    </ClInclude>
    <ClInclude Include="Component\BeamKirbyState.h">
      <Filter>02. Object\01. Player\01. State</Filter>
    </ClInclude>
    <ClInclude Include="Object\LineContainer.h">
      <Filter>02. Object\09. Line</Filter>
    </ClInclude>
    <ClInclude Include="Object\SpecialChangeParticle.h">
      <Filter>02. Object\05. Particle</Filter>
    </ClInclude>
    <ClInclude Include="Object\EffectSceneChangeStar.h">
      <Filter>02. Object\07. Effect</Filter>
    </ClInclude>
    <ClInclude Include="Scene\Green2Scene.h">
      <Filter>01. SceneMode</Filter>
    </ClInclude>
    <ClInclude Include="Object\EffectChangeToGreen1.h">
      <Filter>02. Object\07. Effect\01. SceneChange</Filter>
    </ClInclude>
    <ClInclude Include="Object\EffectChangeToGreen2.h">
      <Filter>02. Object\07. Effect\01. SceneChange</Filter>
    </ClInclude>
    <ClInclude Include="Object\EffectDash.h">
      <Filter>02. Object\07. Effect\02. PlayerEffect</Filter>
    </ClInclude>
    <ClInclude Include="Object\EffectKirbyRide.h">
      <Filter>02. Object\07. Effect\02. PlayerEffect</Filter>
    </ClInclude>
    <ClInclude Include="Object\EffectRandomStar.h">
      <Filter>02. Object\07. Effect\02. PlayerEffect</Filter>
    </ClInclude>
    <ClInclude Include="Object\EffectSpitOut.h">
      <Filter>02. Object\07. Effect\02. PlayerEffect</Filter>
    </ClInclude>
    <ClInclude Include="Scene\BeginningScene.h">
      <Filter>01. SceneMode</Filter>
    </ClInclude>
    <ClInclude Include="Scene\Green3Scene.h">
      <Filter>01. SceneMode</Filter>
    </ClInclude>
    <ClInclude Include="Object\MoonAboveParticle.h">
      <Filter>02. Object\05. Particle</Filter>
    </ClInclude>
    <ClInclude Include="Object\EffectStar.h">
      <Filter>02. Object\07. Effect\03. DecorateEffect</Filter>
    </ClInclude>
    <ClInclude Include="Object\BeamMonsterAttack.h">
      <Filter>02. Object\07. Effect\04. MonsterAttack</Filter>
    </ClInclude>
    <ClInclude Include="Object\FireMonster.h">
      <Filter>02. Object\03. Monster\02. Ability</Filter>
    </ClInclude>
    <ClInclude Include="Object\FireMonsterAttack.h">
      <Filter>02. Object\07. Effect\04. MonsterAttack</Filter>
    </ClInclude>
    <ClInclude Include="Object\FightMonsterAttack.h">
      <Filter>02. Object\07. Effect\04. MonsterAttack</Filter>
    </ClInclude>
    <ClInclude Include="Object\FightMonster.h">
      <Filter>02. Object\03. Monster\02. Ability</Filter>
    </ClInclude>
    <ClInclude Include="Component\FireKirbyState.h">
      <Filter>02. Object\01. Player\01. State</Filter>
    </ClInclude>
    <ClInclude Include="Object\KirbyAttackEffect.h">
      <Filter>02. Object\07. Effect\05. SpecialPlayer</Filter>
    </ClInclude>
    <ClInclude Include="Object\AttackEffect.h">
      <Filter>02. Object\07. Effect</Filter>
    </ClInclude>
    <ClInclude Include="Object\FireAttackBackEffect.h">
      <Filter>02. Object\07. Effect\05. SpecialPlayer</Filter>
    </ClInclude>
    <ClInclude Include="Object\Item.h">
      <Filter>02. Object\10. Item</Filter>
    </ClInclude>
    <ClInclude Include="Object\HPYellowItem.h">
      <Filter>02. Object\10. Item</Filter>
    </ClInclude>
    <ClInclude Include="Object\HPGreenItem.h">
      <Filter>02. Object\10. Item</Filter>
    </ClInclude>
    <ClInclude Include="Object\HPRedItem.h">
      <Filter>02. Object\10. Item</Filter>
    </ClInclude>
    <ClInclude Include="Object\Block.h">
      <Filter>02. Object\10. Item</Filter>
    </ClInclude>
  </ItemGroup>
  <ItemGroup>
    <ResourceCompile Include="Client2D.rc">
      <Filter>리소스 파일</Filter>
    </ResourceCompile>
  </ItemGroup>
  <ItemGroup>
    <Image Include="icon1.ico">
      <Filter>리소스 파일</Filter>
    </Image>
  </ItemGroup>
</Project>